
Microsoft Visual Studio Solution File, Format Version 12.00
# Visual Studio Version 17
VisualStudioVersion = 17.11.35327.3
MinimumVisualStudioVersion = 10.0.40219.1
Project("{2150E333-8FDC-42A3-9474-1A3956D46DE8}") = "src", "src", "{827E0CD3-B72D-47B6-A68D-7590B98EB39B}"
EndProject
Project("{FAE04EC0-301F-11D3-BF4B-00C04F79EFBC}") = "ResultHandler", "src\ResultHandler\ResultHandler.csproj", "{6111181B-1EF2-4FCE-A505-839E8FDEDDDE}"
EndProject
Project("{FAE04EC0-301F-11D3-BF4B-00C04F79EFBC}") = "ResultHandler.AspNetCore", "src\ResultHandler.AspNetCore\ResultHandler.AspNetCore.csproj", "{05409F63-AE11-4F9D-B541-CDCC9A64CD01}"
EndProject
Project("{2150E333-8FDC-42A3-9474-1A3956D46DE8}") = "test", "test", "{0AB3BF05-4346-4AA6-1389-037BE0695223}"
EndProject
Project("{FAE04EC0-301F-11D3-BF4B-00C04F79EFBC}") = "ResultHandler.Tests", "test\ResultHandler.Tests\ResultHandler.Tests.csproj", "{AE6580CF-9185-435F-AF2A-2D606DA3E74B}"
EndProject
Project("{2150E333-8FDC-42A3-9474-1A3956D46DE8}") = "Workflow", "Workflow", "{1D4C21C4-D031-4658-944C-6BF083C0AB08}"
	ProjectSection(SolutionItems) = preProject
		.github\workflows\build.yml = .github\workflows\build.yml
		.github\workflows\publish.yml = .github\workflows\publish.yml
	EndProjectSection
EndProject
Global
	GlobalSection(SolutionConfigurationPlatforms) = preSolution
		Debug|Any CPU = Debug|Any CPU
		Debug|x64 = Debug|x64
		Debug|x86 = Debug|x86
		Release|Any CPU = Release|Any CPU
		Release|x64 = Release|x64
		Release|x86 = Release|x86
	EndGlobalSection
	GlobalSection(ProjectConfigurationPlatforms) = postSolution
		{6111181B-1EF2-4FCE-A505-839E8FDEDDDE}.Debug|Any CPU.ActiveCfg = Debug|Any CPU
		{6111181B-1EF2-4FCE-A505-839E8FDEDDDE}.Debug|Any CPU.Build.0 = Debug|Any CPU
		{6111181B-1EF2-4FCE-A505-839E8FDEDDDE}.Debug|x64.ActiveCfg = Debug|Any CPU
		{6111181B-1EF2-4FCE-A505-839E8FDEDDDE}.Debug|x64.Build.0 = Debug|Any CPU
		{6111181B-1EF2-4FCE-A505-839E8FDEDDDE}.Debug|x86.ActiveCfg = Debug|Any CPU
		{6111181B-1EF2-4FCE-A505-839E8FDEDDDE}.Debug|x86.Build.0 = Debug|Any CPU
		{6111181B-1EF2-4FCE-A505-839E8FDEDDDE}.Release|Any CPU.ActiveCfg = Release|Any CPU
		{6111181B-1EF2-4FCE-A505-839E8FDEDDDE}.Release|Any CPU.Build.0 = Release|Any CPU
		{6111181B-1EF2-4FCE-A505-839E8FDEDDDE}.Release|x64.ActiveCfg = Release|Any CPU
		{6111181B-1EF2-4FCE-A505-839E8FDEDDDE}.Release|x64.Build.0 = Release|Any CPU
		{6111181B-1EF2-4FCE-A505-839E8FDEDDDE}.Release|x86.ActiveCfg = Release|Any CPU
		{6111181B-1EF2-4FCE-A505-839E8FDEDDDE}.Release|x86.Build.0 = Release|Any CPU
		{05409F63-AE11-4F9D-B541-CDCC9A64CD01}.Debug|Any CPU.ActiveCfg = Debug|Any CPU
		{05409F63-AE11-4F9D-B541-CDCC9A64CD01}.Debug|Any CPU.Build.0 = Debug|Any CPU
		{05409F63-AE11-4F9D-B541-CDCC9A64CD01}.Debug|x64.ActiveCfg = Debug|Any CPU
		{05409F63-AE11-4F9D-B541-CDCC9A64CD01}.Debug|x64.Build.0 = Debug|Any CPU
		{05409F63-AE11-4F9D-B541-CDCC9A64CD01}.Debug|x86.ActiveCfg = Debug|Any CPU
		{05409F63-AE11-4F9D-B541-CDCC9A64CD01}.Debug|x86.Build.0 = Debug|Any CPU
		{05409F63-AE11-4F9D-B541-CDCC9A64CD01}.Release|Any CPU.ActiveCfg = Release|Any CPU
		{05409F63-AE11-4F9D-B541-CDCC9A64CD01}.Release|Any CPU.Build.0 = Release|Any CPU
		{05409F63-AE11-4F9D-B541-CDCC9A64CD01}.Release|x64.ActiveCfg = Release|Any CPU
		{05409F63-AE11-4F9D-B541-CDCC9A64CD01}.Release|x64.Build.0 = Release|Any CPU
		{05409F63-AE11-4F9D-B541-CDCC9A64CD01}.Release|x86.ActiveCfg = Release|Any CPU
		{05409F63-AE11-4F9D-B541-CDCC9A64CD01}.Release|x86.Build.0 = Release|Any CPU
		{AE6580CF-9185-435F-AF2A-2D606DA3E74B}.Debug|Any CPU.ActiveCfg = Debug|Any CPU
		{AE6580CF-9185-435F-AF2A-2D606DA3E74B}.Debug|Any CPU.Build.0 = Debug|Any CPU
		{AE6580CF-9185-435F-AF2A-2D606DA3E74B}.Debug|x64.ActiveCfg = Debug|Any CPU
		{AE6580CF-9185-435F-AF2A-2D606DA3E74B}.Debug|x64.Build.0 = Debug|Any CPU
		{AE6580CF-9185-435F-AF2A-2D606DA3E74B}.Debug|x86.ActiveCfg = Debug|Any CPU
		{AE6580CF-9185-435F-AF2A-2D606DA3E74B}.Debug|x86.Build.0 = Debug|Any CPU
		{AE6580CF-9185-435F-AF2A-2D606DA3E74B}.Release|Any CPU.ActiveCfg = Release|Any CPU
		{AE6580CF-9185-435F-AF2A-2D606DA3E74B}.Release|Any CPU.Build.0 = Release|Any CPU
		{AE6580CF-9185-435F-AF2A-2D606DA3E74B}.Release|x64.ActiveCfg = Release|Any CPU
		{AE6580CF-9185-435F-AF2A-2D606DA3E74B}.Release|x64.Build.0 = Release|Any CPU
		{AE6580CF-9185-435F-AF2A-2D606DA3E74B}.Release|x86.ActiveCfg = Release|Any CPU
		{AE6580CF-9185-435F-AF2A-2D606DA3E74B}.Release|x86.Build.0 = Release|Any CPU
	EndGlobalSection
	GlobalSection(SolutionProperties) = preSolution
		HideSolutionNode = FALSE
	EndGlobalSection
	GlobalSection(NestedProjects) = preSolution
		{6111181B-1EF2-4FCE-A505-839E8FDEDDDE} = {827E0CD3-B72D-47B6-A68D-7590B98EB39B}
		{05409F63-AE11-4F9D-B541-CDCC9A64CD01} = {827E0CD3-B72D-47B6-A68D-7590B98EB39B}
		{AE6580CF-9185-435F-AF2A-2D606DA3E74B} = {0AB3BF05-4346-4AA6-1389-037BE0695223}
	EndGlobalSection
	GlobalSection(ExtensibilityGlobals) = postSolution
		SolutionGuid = {F3607D2D-AFAC-4E90-8E12-C95E3080FA5A}
	EndGlobalSection
EndGlobal
